
Microsoft Visual Studio Solution File, Format Version 12.00
# Visual Studio Version 16
VisualStudioVersion = 16.0.31105.61
MinimumVisualStudioVersion = 10.0.40219.1
Project("{FAE04EC0-301F-11D3-BF4B-00C04F79EFBC}") = "MusicalNoteRange", "MusicalNoteRange\MusicalNoteRange.csproj", "{FF7995E2-100A-4A34-9126-C078FDF47C12}"
EndProject
Global
	GlobalSection(SolutionConfigurationPlatforms) = preSolution
		Debug|Any CPU = Debug|Any CPU
		Release|Any CPU = Release|Any CPU
	EndGlobalSection
	GlobalSection(ProjectConfigurationPlatforms) = postSolution
		{FF7995E2-100A-4A34-9126-C078FDF47C12}.Debug|Any CPU.ActiveCfg = Debug|Any CPU
		{FF7995E2-100A-4A34-9126-C078FDF47C12}.Debug|Any CPU.Build.0 = Debug|Any CPU
		{FF7995E2-100A-4A34-9126-C078FDF47C12}.Release|Any CPU.ActiveCfg = Release|Any CPU
		{FF7995E2-100A-4A34-9126-C078FDF47C12}.Release|Any CPU.Build.0 = Release|Any CPU
	EndGlobalSection
	GlobalSection(SolutionProperties) = preSolution
		HideSolutionNode = FALSE
	EndGlobalSection
	GlobalSection(ExtensibilityGlobals) = postSolution
		SolutionGuid = {4ED43846-0B6F-4BE9-BE96-21B5376F3E5F}
	EndGlobalSection
EndGlobal
